
Microsoft Visual Studio Solution File, Format Version 12.00
# Visual Studio Version 16
VisualStudioVersion = 16.0.30413.136
MinimumVisualStudioVersion = 10.0.40219.1
Project("{9A19103F-16F7-4668-BE54-9A1E7A4F7556}") = "Markom2.Web", "Markom2.Web\Markom2.Web.csproj", "{E9D2D721-CC93-4943-992F-5D364ADB6CC9}"
EndProject
Project("{FAE04EC0-301F-11D3-BF4B-00C04F79EFBC}") = "Markom2.Repository", "Markom2.Repository\Markom2.Repository.csproj", "{8480F766-8828-4D6E-A585-670DBDAC376B}"
EndProject
Global
	GlobalSection(SolutionConfigurationPlatforms) = preSolution
		Debug|Any CPU = Debug|Any CPU
		Release|Any CPU = Release|Any CPU
	EndGlobalSection
	GlobalSection(ProjectConfigurationPlatforms) = postSolution
		{E9D2D721-CC93-4943-992F-5D364ADB6CC9}.Debug|Any CPU.ActiveCfg = Debug|Any CPU
		{E9D2D721-CC93-4943-992F-5D364ADB6CC9}.Debug|Any CPU.Build.0 = Debug|Any CPU
		{E9D2D721-CC93-4943-992F-5D364ADB6CC9}.Release|Any CPU.ActiveCfg = Release|Any CPU
		{E9D2D721-CC93-4943-992F-5D364ADB6CC9}.Release|Any CPU.Build.0 = Release|Any CPU
		{8480F766-8828-4D6E-A585-670DBDAC376B}.Debug|Any CPU.ActiveCfg = Debug|Any CPU
		{8480F766-8828-4D6E-A585-670DBDAC376B}.Debug|Any CPU.Build.0 = Debug|Any CPU
		{8480F766-8828-4D6E-A585-670DBDAC376B}.Release|Any CPU.ActiveCfg = Release|Any CPU
		{8480F766-8828-4D6E-A585-670DBDAC376B}.Release|Any CPU.Build.0 = Release|Any CPU
	EndGlobalSection
	GlobalSection(SolutionProperties) = preSolution
		HideSolutionNode = FALSE
	EndGlobalSection
	GlobalSection(ExtensibilityGlobals) = postSolution
		SolutionGuid = {F7FC330C-361F-4EC7-8805-5E9A49AFEF52}
	EndGlobalSection
EndGlobal
